// !$*UTF8*$!
{
	archiveVersion = 1;
	classes = {
	};
	objectVersion = 50;
	objects = {

/* Begin PBXBuildFile section */
		60259E44215CDE25001D15AA /* AppDelegate.swift in Sources */ = {isa = PBXBuildFile; fileRef = 60259E43215CDE25001D15AA /* AppDelegate.swift */; };
		60259E4B215CDE27001D15AA /* Assets.xcassets in Resources */ = {isa = PBXBuildFile; fileRef = 60259E4A215CDE27001D15AA /* Assets.xcassets */; };
		60259E4E215CDE27001D15AA /* LaunchScreen.storyboard in Resources */ = {isa = PBXBuildFile; fileRef = 60259E4C215CDE27001D15AA /* LaunchScreen.storyboard */; };
		60259E58215CDF41001D15AA /* MainViewController.swift in Sources */ = {isa = PBXBuildFile; fileRef = 60259E57215CDF41001D15AA /* MainViewController.swift */; };
		60259E5B215CE0AA001D15AA /* MainViewReactor.swift in Sources */ = {isa = PBXBuildFile; fileRef = 60259E5A215CE0AA001D15AA /* MainViewReactor.swift */; };
		60259E5F215CE37B001D15AA /* TitleCell.swift in Sources */ = {isa = PBXBuildFile; fileRef = 60259E5E215CE37B001D15AA /* TitleCell.swift */; };
		60259E61215CE39B001D15AA /* SampleTitleCellReactor.swift in Sources */ = {isa = PBXBuildFile; fileRef = 60259E60215CE39B001D15AA /* SampleTitleCellReactor.swift */; };
		60259E64215CE3ED001D15AA /* Sample.swift in Sources */ = {isa = PBXBuildFile; fileRef = 60259E63215CE3ED001D15AA /* Sample.swift */; };
		60259E68215CE6BE001D15AA /* MainSampleSection.swift in Sources */ = {isa = PBXBuildFile; fileRef = 60259E67215CE6BE001D15AA /* MainSampleSection.swift */; };
		60259E6B215CEDAB001D15AA /* SampleService.swift in Sources */ = {isa = PBXBuildFile; fileRef = 60259E6A215CEDAB001D15AA /* SampleService.swift */; };
		60259E6E215CEDF8001D15AA /* Paging.swift in Sources */ = {isa = PBXBuildFile; fileRef = 60259E6D215CEDF8001D15AA /* Paging.swift */; };
		60259E72215DC178001D15AA /* SampleTodoListViewController.swift in Sources */ = {isa = PBXBuildFile; fileRef = 60259E71215DC178001D15AA /* SampleTodoListViewController.swift */; };
		60259E74215DC1A2001D15AA /* SampleTodoListViewReactor.swift in Sources */ = {isa = PBXBuildFile; fileRef = 60259E73215DC1A2001D15AA /* SampleTodoListViewReactor.swift */; };
		60259E76215DC208001D15AA /* Todo.swift in Sources */ = {isa = PBXBuildFile; fileRef = 60259E75215DC208001D15AA /* Todo.swift */; };
		60259E7A215DC3BD001D15AA /* JSONPlaceholderService.swift in Sources */ = {isa = PBXBuildFile; fileRef = 60259E79215DC3BD001D15AA /* JSONPlaceholderService.swift */; };
		60259E7E215DC8D8001D15AA /* MetaType.swift in Sources */ = {isa = PBXBuildFile; fileRef = 60259E7D215DC8D8001D15AA /* MetaType.swift */; };
		60259E81215DC902001D15AA /* PagingMeta.swift in Sources */ = {isa = PBXBuildFile; fileRef = 60259E80215DC902001D15AA /* PagingMeta.swift */; };
		60259E84215DC929001D15AA /* PagingMetaType.swift in Sources */ = {isa = PBXBuildFile; fileRef = 60259E83215DC929001D15AA /* PagingMetaType.swift */; };
		60259E8A215DCA7D001D15AA /* ServiceType.swift in Sources */ = {isa = PBXBuildFile; fileRef = 60259E89215DCA7D001D15AA /* ServiceType.swift */; };
		60259E8D215DCC70001D15AA /* Result.swift in Sources */ = {isa = PBXBuildFile; fileRef = 60259E8C215DCC70001D15AA /* Result.swift */; };
		60259E91215DEF2D001D15AA /* TodoSection.swift in Sources */ = {isa = PBXBuildFile; fileRef = 60259E90215DEF2D001D15AA /* TodoSection.swift */; };
		60259E94215DEF77001D15AA /* TitleCellReactor.swift in Sources */ = {isa = PBXBuildFile; fileRef = 60259E93215DEF77001D15AA /* TitleCellReactor.swift */; };
		60259E96215DF01A001D15AA /* TodoTitleCellReactor.swift in Sources */ = {isa = PBXBuildFile; fileRef = 60259E95215DF01A001D15AA /* TodoTitleCellReactor.swift */; };
		FAD13FC76B7A9AF47119CAC1 /* Pods_ReactorKitSample.framework in Frameworks */ = {isa = PBXBuildFile; fileRef = 92A2821D8AD83B26CEE61DF8 /* Pods_ReactorKitSample.framework */; };
/* End PBXBuildFile section */

/* Begin PBXFileReference section */
		5109E05EE45A3A30ED425796 /* Pods-ReactorKitSample.release.xcconfig */ = {isa = PBXFileReference; includeInIndex = 1; lastKnownFileType = text.xcconfig; name = "Pods-ReactorKitSample.release.xcconfig"; path = "Pods/Target Support Files/Pods-ReactorKitSample/Pods-ReactorKitSample.release.xcconfig"; sourceTree = "<group>"; };
		60259E40215CDE25001D15AA /* ReactorKitSample.app */ = {isa = PBXFileReference; explicitFileType = wrapper.application; includeInIndex = 0; path = ReactorKitSample.app; sourceTree = BUILT_PRODUCTS_DIR; };
		60259E43215CDE25001D15AA /* AppDelegate.swift */ = {isa = PBXFileReference; lastKnownFileType = sourcecode.swift; path = AppDelegate.swift; sourceTree = "<group>"; };
		60259E4A215CDE27001D15AA /* Assets.xcassets */ = {isa = PBXFileReference; lastKnownFileType = folder.assetcatalog; path = Assets.xcassets; sourceTree = "<group>"; };
		60259E4D215CDE27001D15AA /* Base */ = {isa = PBXFileReference; lastKnownFileType = file.storyboard; name = Base; path = Base.lproj/LaunchScreen.storyboard; sourceTree = "<group>"; };
		60259E4F215CDE27001D15AA /* Info.plist */ = {isa = PBXFileReference; lastKnownFileType = text.plist.xml; path = Info.plist; sourceTree = "<group>"; };
		60259E57215CDF41001D15AA /* MainViewController.swift */ = {isa = PBXFileReference; lastKnownFileType = sourcecode.swift; path = MainViewController.swift; sourceTree = "<group>"; };
		60259E5A215CE0AA001D15AA /* MainViewReactor.swift */ = {isa = PBXFileReference; lastKnownFileType = sourcecode.swift; path = MainViewReactor.swift; sourceTree = "<group>"; };
		60259E5E215CE37B001D15AA /* TitleCell.swift */ = {isa = PBXFileReference; lastKnownFileType = sourcecode.swift; path = TitleCell.swift; sourceTree = "<group>"; };
		60259E60215CE39B001D15AA /* SampleTitleCellReactor.swift */ = {isa = PBXFileReference; lastKnownFileType = sourcecode.swift; path = SampleTitleCellReactor.swift; sourceTree = "<group>"; };
		60259E63215CE3ED001D15AA /* Sample.swift */ = {isa = PBXFileReference; lastKnownFileType = sourcecode.swift; path = Sample.swift; sourceTree = "<group>"; };
		60259E67215CE6BE001D15AA /* MainSampleSection.swift */ = {isa = PBXFileReference; lastKnownFileType = sourcecode.swift; path = MainSampleSection.swift; sourceTree = "<group>"; };
		60259E6A215CEDAB001D15AA /* SampleService.swift */ = {isa = PBXFileReference; lastKnownFileType = sourcecode.swift; path = SampleService.swift; sourceTree = "<group>"; };
		60259E6D215CEDF8001D15AA /* Paging.swift */ = {isa = PBXFileReference; lastKnownFileType = sourcecode.swift; path = Paging.swift; sourceTree = "<group>"; };
		60259E71215DC178001D15AA /* SampleTodoListViewController.swift */ = {isa = PBXFileReference; lastKnownFileType = sourcecode.swift; path = SampleTodoListViewController.swift; sourceTree = "<group>"; };
		60259E73215DC1A2001D15AA /* SampleTodoListViewReactor.swift */ = {isa = PBXFileReference; lastKnownFileType = sourcecode.swift; path = SampleTodoListViewReactor.swift; sourceTree = "<group>"; };
		60259E75215DC208001D15AA /* Todo.swift */ = {isa = PBXFileReference; lastKnownFileType = sourcecode.swift; path = Todo.swift; sourceTree = "<group>"; };
		60259E79215DC3BD001D15AA /* JSONPlaceholderService.swift */ = {isa = PBXFileReference; fileEncoding = 4; lastKnownFileType = sourcecode.swift; path = JSONPlaceholderService.swift; sourceTree = "<group>"; };
		60259E7D215DC8D8001D15AA /* MetaType.swift */ = {isa = PBXFileReference; lastKnownFileType = sourcecode.swift; path = MetaType.swift; sourceTree = "<group>"; };
		60259E80215DC902001D15AA /* PagingMeta.swift */ = {isa = PBXFileReference; lastKnownFileType = sourcecode.swift; path = PagingMeta.swift; sourceTree = "<group>"; };
		60259E83215DC929001D15AA /* PagingMetaType.swift */ = {isa = PBXFileReference; lastKnownFileType = sourcecode.swift; path = PagingMetaType.swift; sourceTree = "<group>"; };
		60259E89215DCA7D001D15AA /* ServiceType.swift */ = {isa = PBXFileReference; lastKnownFileType = sourcecode.swift; path = ServiceType.swift; sourceTree = "<group>"; };
		60259E8C215DCC70001D15AA /* Result.swift */ = {isa = PBXFileReference; lastKnownFileType = sourcecode.swift; path = Result.swift; sourceTree = "<group>"; };
		60259E90215DEF2D001D15AA /* TodoSection.swift */ = {isa = PBXFileReference; lastKnownFileType = sourcecode.swift; path = TodoSection.swift; sourceTree = "<group>"; };
		60259E93215DEF77001D15AA /* TitleCellReactor.swift */ = {isa = PBXFileReference; lastKnownFileType = sourcecode.swift; path = TitleCellReactor.swift; sourceTree = "<group>"; };
		60259E95215DF01A001D15AA /* TodoTitleCellReactor.swift */ = {isa = PBXFileReference; lastKnownFileType = sourcecode.swift; path = TodoTitleCellReactor.swift; sourceTree = "<group>"; };
		92A2821D8AD83B26CEE61DF8 /* Pods_ReactorKitSample.framework */ = {isa = PBXFileReference; explicitFileType = wrapper.framework; includeInIndex = 0; path = Pods_ReactorKitSample.framework; sourceTree = BUILT_PRODUCTS_DIR; };
		D3A797F5B573DEEA4540090D /* Pods-ReactorKitSample.debug.xcconfig */ = {isa = PBXFileReference; includeInIndex = 1; lastKnownFileType = text.xcconfig; name = "Pods-ReactorKitSample.debug.xcconfig"; path = "Pods/Target Support Files/Pods-ReactorKitSample/Pods-ReactorKitSample.debug.xcconfig"; sourceTree = "<group>"; };
/* End PBXFileReference section */

/* Begin PBXFrameworksBuildPhase section */
		60259E3D215CDE25001D15AA /* Frameworks */ = {
			isa = PBXFrameworksBuildPhase;
			buildActionMask = 2147483647;
			files = (
				FAD13FC76B7A9AF47119CAC1 /* Pods_ReactorKitSample.framework in Frameworks */,
			);
			runOnlyForDeploymentPostprocessing = 0;
		};
/* End PBXFrameworksBuildPhase section */

/* Begin PBXGroup section */
		60259E37215CDE25001D15AA = {
			isa = PBXGroup;
			children = (
				60259E42215CDE25001D15AA /* ReactorKitSample */,
				60259E41215CDE25001D15AA /* Products */,
				83D0C38CC77D934C97154A8D /* Pods */,
				CBC71F786E4DEAA6F17BA7F1 /* Frameworks */,
			);
			sourceTree = "<group>";
		};
		60259E41215CDE25001D15AA /* Products */ = {
			isa = PBXGroup;
			children = (
				60259E40215CDE25001D15AA /* ReactorKitSample.app */,
			);
			name = Products;
			sourceTree = "<group>";
		};
		60259E42215CDE25001D15AA /* ReactorKitSample */ = {
			isa = PBXGroup;
			children = (
				60259E43215CDE25001D15AA /* AppDelegate.swift */,
				60259E6C215CEDEE001D15AA /* Type */,
				60259E69215CED94001D15AA /* Services */,
				60259E62215CE3E2001D15AA /* Models */,
				60259E5C215CE32F001D15AA /* Views */,
				60259E59215CE088001D15AA /* ViewControllers */,
				60259E4A215CDE27001D15AA /* Assets.xcassets */,
				60259E4C215CDE27001D15AA /* LaunchScreen.storyboard */,
				60259E4F215CDE27001D15AA /* Info.plist */,
			);
			path = ReactorKitSample;
			sourceTree = "<group>";
		};
		60259E56215CDF36001D15AA /* Main */ = {
			isa = PBXGroup;
			children = (
				60259E57215CDF41001D15AA /* MainViewController.swift */,
				60259E5A215CE0AA001D15AA /* MainViewReactor.swift */,
			);
			path = Main;
			sourceTree = "<group>";
		};
		60259E59215CE088001D15AA /* ViewControllers */ = {
			isa = PBXGroup;
			children = (
				60259E56215CDF36001D15AA /* Main */,
				60259E6F215DC156001D15AA /* Sample */,
			);
			path = ViewControllers;
			sourceTree = "<group>";
		};
		60259E5C215CE32F001D15AA /* Views */ = {
			isa = PBXGroup;
			children = (
				60259E5D215CE333001D15AA /* Main */,
			);
			path = Views;
			sourceTree = "<group>";
		};
		60259E5D215CE333001D15AA /* Main */ = {
			isa = PBXGroup;
			children = (
				60259E5E215CE37B001D15AA /* TitleCell.swift */,
				60259E93215DEF77001D15AA /* TitleCellReactor.swift */,
				60259E60215CE39B001D15AA /* SampleTitleCellReactor.swift */,
				60259E95215DF01A001D15AA /* TodoTitleCellReactor.swift */,
			);
			path = Main;
			sourceTree = "<group>";
		};
		60259E62215CE3E2001D15AA /* Models */ = {
			isa = PBXGroup;
			children = (
				60259E63215CE3ED001D15AA /* Sample.swift */,
				60259E75215DC208001D15AA /* Todo.swift */,
				60259E65215CE6A8001D15AA /* Sections */,
			);
			path = Models;
			sourceTree = "<group>";
		};
		60259E65215CE6A8001D15AA /* Sections */ = {
			isa = PBXGroup;
			children = (
				60259E66215CE6B4001D15AA /* Main */,
				60259E8E215DEF0E001D15AA /* Sample */,
			);
			path = Sections;
			sourceTree = "<group>";
		};
		60259E66215CE6B4001D15AA /* Main */ = {
			isa = PBXGroup;
			children = (
				60259E67215CE6BE001D15AA /* MainSampleSection.swift */,
			);
			path = Main;
			sourceTree = "<group>";
		};
		60259E69215CED94001D15AA /* Services */ = {
			isa = PBXGroup;
			children = (
				60259E89215DCA7D001D15AA /* ServiceType.swift */,
				60259E6A215CEDAB001D15AA /* SampleService.swift */,
				60259E79215DC3BD001D15AA /* JSONPlaceholderService.swift */,
			);
			path = Services;
			sourceTree = "<group>";
		};
		60259E6C215CEDEE001D15AA /* Type */ = {
			isa = PBXGroup;
			children = (
				60259E6D215CEDF8001D15AA /* Paging.swift */,
				60259E8C215DCC70001D15AA /* Result.swift */,
				60259E7F215DC8F6001D15AA /* Meta */,
			);
			path = Type;
			sourceTree = "<group>";
		};
		60259E6F215DC156001D15AA /* Sample */ = {
			isa = PBXGroup;
			children = (
				60259E70215DC162001D15AA /* TodoList */,
			);
			path = Sample;
			sourceTree = "<group>";
		};
		60259E70215DC162001D15AA /* TodoList */ = {
			isa = PBXGroup;
			children = (
				60259E71215DC178001D15AA /* SampleTodoListViewController.swift */,
				60259E73215DC1A2001D15AA /* SampleTodoListViewReactor.swift */,
			);
			path = TodoList;
			sourceTree = "<group>";
		};
		60259E7F215DC8F6001D15AA /* Meta */ = {
			isa = PBXGroup;
			children = (
				60259E7D215DC8D8001D15AA /* MetaType.swift */,
				60259E82215DC920001D15AA /* Paging */,
			);
			path = Meta;
			sourceTree = "<group>";
		};
		60259E82215DC920001D15AA /* Paging */ = {
			isa = PBXGroup;
			children = (
				60259E83215DC929001D15AA /* PagingMetaType.swift */,
				60259E80215DC902001D15AA /* PagingMeta.swift */,
			);
			path = Paging;
			sourceTree = "<group>";
		};
		60259E8E215DEF0E001D15AA /* Sample */ = {
			isa = PBXGroup;
			children = (
				60259E90215DEF2D001D15AA /* TodoSection.swift */,
			);
			path = Sample;
			sourceTree = "<group>";
		};
		83D0C38CC77D934C97154A8D /* Pods */ = {
			isa = PBXGroup;
			children = (
				D3A797F5B573DEEA4540090D /* Pods-ReactorKitSample.debug.xcconfig */,
				5109E05EE45A3A30ED425796 /* Pods-ReactorKitSample.release.xcconfig */,
			);
			name = Pods;
			sourceTree = "<group>";
		};
		CBC71F786E4DEAA6F17BA7F1 /* Frameworks */ = {
			isa = PBXGroup;
			children = (
				92A2821D8AD83B26CEE61DF8 /* Pods_ReactorKitSample.framework */,
			);
			name = Frameworks;
			sourceTree = "<group>";
		};
/* End PBXGroup section */

/* Begin PBXNativeTarget section */
		60259E3F215CDE25001D15AA /* ReactorKitSample */ = {
			isa = PBXNativeTarget;
			buildConfigurationList = 60259E52215CDE27001D15AA /* Build configuration list for PBXNativeTarget "ReactorKitSample" */;
			buildPhases = (
				E7B978C0AD1131A9DAA44D04 /* [CP] Check Pods Manifest.lock */,
				60259E3C215CDE25001D15AA /* Sources */,
				60259E3D215CDE25001D15AA /* Frameworks */,
				60259E3E215CDE25001D15AA /* Resources */,
				F5EE6F127B7B36D352D131C6 /* [CP] Embed Pods Frameworks */,
			);
			buildRules = (
			);
			dependencies = (
			);
			name = ReactorKitSample;
			productName = ReactorKitSample;
			productReference = 60259E40215CDE25001D15AA /* ReactorKitSample.app */;
			productType = "com.apple.product-type.application";
		};
/* End PBXNativeTarget section */

/* Begin PBXProject section */
		60259E38215CDE25001D15AA /* Project object */ = {
			isa = PBXProject;
			attributes = {
				LastSwiftUpdateCheck = 1000;
				LastUpgradeCheck = 1000;
				ORGANIZATIONNAME = tokijh;
				TargetAttributes = {
					60259E3F215CDE25001D15AA = {
						CreatedOnToolsVersion = 10.0;
					};
				};
			};
			buildConfigurationList = 60259E3B215CDE25001D15AA /* Build configuration list for PBXProject "ReactorKitSample" */;
			compatibilityVersion = "Xcode 9.3";
			developmentRegion = en;
			hasScannedForEncodings = 0;
			knownRegions = (
				en,
				Base,
			);
			mainGroup = 60259E37215CDE25001D15AA;
			productRefGroup = 60259E41215CDE25001D15AA /* Products */;
			projectDirPath = "";
			projectRoot = "";
			targets = (
				60259E3F215CDE25001D15AA /* ReactorKitSample */,
			);
		};
/* End PBXProject section */

/* Begin PBXResourcesBuildPhase section */
		60259E3E215CDE25001D15AA /* Resources */ = {
			isa = PBXResourcesBuildPhase;
			buildActionMask = 2147483647;
			files = (
				60259E4E215CDE27001D15AA /* LaunchScreen.storyboard in Resources */,
				60259E4B215CDE27001D15AA /* Assets.xcassets in Resources */,
			);
			runOnlyForDeploymentPostprocessing = 0;
		};
/* End PBXResourcesBuildPhase section */

/* Begin PBXShellScriptBuildPhase section */
		E7B978C0AD1131A9DAA44D04 /* [CP] Check Pods Manifest.lock */ = {
			isa = PBXShellScriptBuildPhase;
			buildActionMask = 2147483647;
			files = (
			);
			inputFileListPaths = (
			);
			inputPaths = (
				"${PODS_PODFILE_DIR_PATH}/Podfile.lock",
				"${PODS_ROOT}/Manifest.lock",
			);
			name = "[CP] Check Pods Manifest.lock";
			outputFileListPaths = (
			);
			outputPaths = (
				"$(DERIVED_FILE_DIR)/Pods-ReactorKitSample-checkManifestLockResult.txt",
			);
			runOnlyForDeploymentPostprocessing = 0;
			shellPath = /bin/sh;
			shellScript = "diff \"${PODS_PODFILE_DIR_PATH}/Podfile.lock\" \"${PODS_ROOT}/Manifest.lock\" > /dev/null\nif [ $? != 0 ] ; then\n    # print error to STDERR\n    echo \"error: The sandbox is not in sync with the Podfile.lock. Run 'pod install' or update your CocoaPods installation.\" >&2\n    exit 1\nfi\n# This output is used by Xcode 'outputs' to avoid re-running this script phase.\necho \"SUCCESS\" > \"${SCRIPT_OUTPUT_FILE_0}\"\n";
			showEnvVarsInLog = 0;
		};
		F5EE6F127B7B36D352D131C6 /* [CP] Embed Pods Frameworks */ = {
			isa = PBXShellScriptBuildPhase;
			buildActionMask = 2147483647;
			files = (
			);
			inputFileListPaths = (
			);
			inputPaths = (
				"${SRCROOT}/Pods/Target Support Files/Pods-ReactorKitSample/Pods-ReactorKitSample-frameworks.sh",
				"${BUILT_PRODUCTS_DIR}/Alamofire/Alamofire.framework",
				"${BUILT_PRODUCTS_DIR}/Differentiator/Differentiator.framework",
				"${BUILT_PRODUCTS_DIR}/Moya/Moya.framework",
				"${BUILT_PRODUCTS_DIR}/ReactorKit/ReactorKit.framework",
				"${BUILT_PRODUCTS_DIR}/Result/Result.framework",
				"${BUILT_PRODUCTS_DIR}/RxCocoa/RxCocoa.framework",
				"${BUILT_PRODUCTS_DIR}/RxDataSources/RxDataSources.framework",
				"${BUILT_PRODUCTS_DIR}/RxOptional/RxOptional.framework",
				"${BUILT_PRODUCTS_DIR}/RxSwift/RxSwift.framework",
				"${BUILT_PRODUCTS_DIR}/RxSwiftExtensions/RxSwiftExtensions.framework",
				"${BUILT_PRODUCTS_DIR}/RxViewController/RxViewController.framework",
				"${BUILT_PRODUCTS_DIR}/SnapKit/SnapKit.framework",
				"${BUILT_PRODUCTS_DIR}/Then/Then.framework",
			);
			name = "[CP] Embed Pods Frameworks";
			outputFileListPaths = (
			);
			outputPaths = (
				"${TARGET_BUILD_DIR}/${FRAMEWORKS_FOLDER_PATH}/Alamofire.framework",
				"${TARGET_BUILD_DIR}/${FRAMEWORKS_FOLDER_PATH}/Differentiator.framework",
				"${TARGET_BUILD_DIR}/${FRAMEWORKS_FOLDER_PATH}/Moya.framework",
				"${TARGET_BUILD_DIR}/${FRAMEWORKS_FOLDER_PATH}/ReactorKit.framework",
				"${TARGET_BUILD_DIR}/${FRAMEWORKS_FOLDER_PATH}/Result.framework",
				"${TARGET_BUILD_DIR}/${FRAMEWORKS_FOLDER_PATH}/RxCocoa.framework",
				"${TARGET_BUILD_DIR}/${FRAMEWORKS_FOLDER_PATH}/RxDataSources.framework",
				"${TARGET_BUILD_DIR}/${FRAMEWORKS_FOLDER_PATH}/RxOptional.framework",
				"${TARGET_BUILD_DIR}/${FRAMEWORKS_FOLDER_PATH}/RxSwift.framework",
				"${TARGET_BUILD_DIR}/${FRAMEWORKS_FOLDER_PATH}/RxSwiftExtensions.framework",
				"${TARGET_BUILD_DIR}/${FRAMEWORKS_FOLDER_PATH}/RxViewController.framework",
				"${TARGET_BUILD_DIR}/${FRAMEWORKS_FOLDER_PATH}/SnapKit.framework",
				"${TARGET_BUILD_DIR}/${FRAMEWORKS_FOLDER_PATH}/Then.framework",
			);
			runOnlyForDeploymentPostprocessing = 0;
			shellPath = /bin/sh;
			shellScript = "\"${SRCROOT}/Pods/Target Support Files/Pods-ReactorKitSample/Pods-ReactorKitSample-frameworks.sh\"\n";
			showEnvVarsInLog = 0;
		};
/* End PBXShellScriptBuildPhase section */

/* Begin PBXSourcesBuildPhase section */
		60259E3C215CDE25001D15AA /* Sources */ = {
			isa = PBXSourcesBuildPhase;
			buildActionMask = 2147483647;
			files = (
				60259E6E215CEDF8001D15AA /* Paging.swift in Sources */,
				60259E8D215DCC70001D15AA /* Result.swift in Sources */,
				60259E61215CE39B001D15AA /* SampleTitleCellReactor.swift in Sources */,
				60259E7A215DC3BD001D15AA /* JSONPlaceholderService.swift in Sources */,
				60259E68215CE6BE001D15AA /* MainSampleSection.swift in Sources */,
				60259E76215DC208001D15AA /* Todo.swift in Sources */,
				60259E64215CE3ED001D15AA /* Sample.swift in Sources */,
				60259E5F215CE37B001D15AA /* TitleCell.swift in Sources */,
				60259E91215DEF2D001D15AA /* TodoSection.swift in Sources */,
				60259E96215DF01A001D15AA /* TodoTitleCellReactor.swift in Sources */,
				60259E72215DC178001D15AA /* SampleTodoListViewController.swift in Sources */,
				60259E44215CDE25001D15AA /* AppDelegate.swift in Sources */,
				60259E6B215CEDAB001D15AA /* SampleService.swift in Sources */,
				60259E74215DC1A2001D15AA /* SampleTodoListViewReactor.swift in Sources */,
				60259E5B215CE0AA001D15AA /* MainViewReactor.swift in Sources */,
				60259E81215DC902001D15AA /* PagingMeta.swift in Sources */,
				60259E94215DEF77001D15AA /* TitleCellReactor.swift in Sources */,
				60259E7E215DC8D8001D15AA /* MetaType.swift in Sources */,
				60259E84215DC929001D15AA /* PagingMetaType.swift in Sources */,
				60259E58215CDF41001D15AA /* MainViewController.swift in Sources */,
				60259E8A215DCA7D001D15AA /* ServiceType.swift in Sources */,
			);
			runOnlyForDeploymentPostprocessing = 0;
		};
/* End PBXSourcesBuildPhase section */

/* Begin PBXVariantGroup section */
		60259E4C215CDE27001D15AA /* LaunchScreen.storyboard */ = {
			isa = PBXVariantGroup;
			children = (
				60259E4D215CDE27001D15AA /* Base */,
			);
			name = LaunchScreen.storyboard;
			sourceTree = "<group>";
		};
/* End PBXVariantGroup section */

/* Begin XCBuildConfiguration section */
		60259E50215CDE27001D15AA /* Debug */ = {
			isa = XCBuildConfiguration;
			buildSettings = {
				ALWAYS_SEARCH_USER_PATHS = NO;
				CLANG_ANALYZER_NONNULL = YES;
				CLANG_ANALYZER_NUMBER_OBJECT_CONVERSION = YES_AGGRESSIVE;
				CLANG_CXX_LANGUAGE_STANDARD = "gnu++14";
				CLANG_CXX_LIBRARY = "libc++";
				CLANG_ENABLE_MODULES = YES;
				CLANG_ENABLE_OBJC_ARC = YES;
				CLANG_ENABLE_OBJC_WEAK = YES;
				CLANG_WARN_BLOCK_CAPTURE_AUTORELEASING = YES;
				CLANG_WARN_BOOL_CONVERSION = YES;
				CLANG_WARN_COMMA = YES;
				CLANG_WARN_CONSTANT_CONVERSION = YES;
				CLANG_WARN_DEPRECATED_OBJC_IMPLEMENTATIONS = YES;
				CLANG_WARN_DIRECT_OBJC_ISA_USAGE = YES_ERROR;
				CLANG_WARN_DOCUMENTATION_COMMENTS = YES;
				CLANG_WARN_EMPTY_BODY = YES;
				CLANG_WARN_ENUM_CONVERSION = YES;
				CLANG_WARN_INFINITE_RECURSION = YES;
				CLANG_WARN_INT_CONVERSION = YES;
				CLANG_WARN_NON_LITERAL_NULL_CONVERSION = YES;
				CLANG_WARN_OBJC_IMPLICIT_RETAIN_SELF = YES;
				CLANG_WARN_OBJC_LITERAL_CONVERSION = YES;
				CLANG_WARN_OBJC_ROOT_CLASS = YES_ERROR;
				CLANG_WARN_RANGE_LOOP_ANALYSIS = YES;
				CLANG_WARN_STRICT_PROTOTYPES = YES;
				CLANG_WARN_SUSPICIOUS_MOVE = YES;
				CLANG_WARN_UNGUARDED_AVAILABILITY = YES_AGGRESSIVE;
				CLANG_WARN_UNREACHABLE_CODE = YES;
				CLANG_WARN__DUPLICATE_METHOD_MATCH = YES;
				CODE_SIGN_IDENTITY = "iPhone Developer";
				COPY_PHASE_STRIP = NO;
				DEBUG_INFORMATION_FORMAT = dwarf;
				ENABLE_STRICT_OBJC_MSGSEND = YES;
				ENABLE_TESTABILITY = YES;
				GCC_C_LANGUAGE_STANDARD = gnu11;
				GCC_DYNAMIC_NO_PIC = NO;
				GCC_NO_COMMON_BLOCKS = YES;
				GCC_OPTIMIZATION_LEVEL = 0;
				GCC_PREPROCESSOR_DEFINITIONS = (
					"DEBUG=1",
					"$(inherited)",
				);
				GCC_WARN_64_TO_32_BIT_CONVERSION = YES;
				GCC_WARN_ABOUT_RETURN_TYPE = YES_ERROR;
				GCC_WARN_UNDECLARED_SELECTOR = YES;
				GCC_WARN_UNINITIALIZED_AUTOS = YES_AGGRESSIVE;
				GCC_WARN_UNUSED_FUNCTION = YES;
				GCC_WARN_UNUSED_VARIABLE = YES;
				IPHONEOS_DEPLOYMENT_TARGET = 12.0;
				MTL_ENABLE_DEBUG_INFO = INCLUDE_SOURCE;
				MTL_FAST_MATH = YES;
				ONLY_ACTIVE_ARCH = YES;
				SDKROOT = iphoneos;
				SWIFT_ACTIVE_COMPILATION_CONDITIONS = DEBUG;
				SWIFT_OPTIMIZATION_LEVEL = "-Onone";
			};
			name = Debug;
		};
		60259E51215CDE27001D15AA /* Release */ = {
			isa = XCBuildConfiguration;
			buildSettings = {
				ALWAYS_SEARCH_USER_PATHS = NO;
				CLANG_ANALYZER_NONNULL = YES;
				CLANG_ANALYZER_NUMBER_OBJECT_CONVERSION = YES_AGGRESSIVE;
				CLANG_CXX_LANGUAGE_STANDARD = "gnu++14";
				CLANG_CXX_LIBRARY = "libc++";
				CLANG_ENABLE_MODULES = YES;
				CLANG_ENABLE_OBJC_ARC = YES;
				CLANG_ENABLE_OBJC_WEAK = YES;
				CLANG_WARN_BLOCK_CAPTURE_AUTORELEASING = YES;
				CLANG_WARN_BOOL_CONVERSION = YES;
				CLANG_WARN_COMMA = YES;
				CLANG_WARN_CONSTANT_CONVERSION = YES;
				CLANG_WARN_DEPRECATED_OBJC_IMPLEMENTATIONS = YES;
				CLANG_WARN_DIRECT_OBJC_ISA_USAGE = YES_ERROR;
				CLANG_WARN_DOCUMENTATION_COMMENTS = YES;
				CLANG_WARN_EMPTY_BODY = YES;
				CLANG_WARN_ENUM_CONVERSION = YES;
				CLANG_WARN_INFINITE_RECURSION = YES;
				CLANG_WARN_INT_CONVERSION = YES;
				CLANG_WARN_NON_LITERAL_NULL_CONVERSION = YES;
				CLANG_WARN_OBJC_IMPLICIT_RETAIN_SELF = YES;
				CLANG_WARN_OBJC_LITERAL_CONVERSION = YES;
				CLANG_WARN_OBJC_ROOT_CLASS = YES_ERROR;
				CLANG_WARN_RANGE_LOOP_ANALYSIS = YES;
				CLANG_WARN_STRICT_PROTOTYPES = YES;
				CLANG_WARN_SUSPICIOUS_MOVE = YES;
				CLANG_WARN_UNGUARDED_AVAILABILITY = YES_AGGRESSIVE;
				CLANG_WARN_UNREACHABLE_CODE = YES;
				CLANG_WARN__DUPLICATE_METHOD_MATCH = YES;
				CODE_SIGN_IDENTITY = "iPhone Developer";
				COPY_PHASE_STRIP = NO;
				DEBUG_INFORMATION_FORMAT = "dwarf-with-dsym";
				ENABLE_NS_ASSERTIONS = NO;
				ENABLE_STRICT_OBJC_MSGSEND = YES;
				GCC_C_LANGUAGE_STANDARD = gnu11;
				GCC_NO_COMMON_BLOCKS = YES;
				GCC_WARN_64_TO_32_BIT_CONVERSION = YES;
				GCC_WARN_ABOUT_RETURN_TYPE = YES_ERROR;
				GCC_WARN_UNDECLARED_SELECTOR = YES;
				GCC_WARN_UNINITIALIZED_AUTOS = YES_AGGRESSIVE;
				GCC_WARN_UNUSED_FUNCTION = YES;
				GCC_WARN_UNUSED_VARIABLE = YES;
				IPHONEOS_DEPLOYMENT_TARGET = 12.0;
				MTL_ENABLE_DEBUG_INFO = NO;
				MTL_FAST_MATH = YES;
				SDKROOT = iphoneos;
				SWIFT_COMPILATION_MODE = wholemodule;
				SWIFT_OPTIMIZATION_LEVEL = "-O";
				VALIDATE_PRODUCT = YES;
			};
			name = Release;
		};
		60259E53215CDE27001D15AA /* Debug */ = {
			isa = XCBuildConfiguration;
			baseConfigurationReference = D3A797F5B573DEEA4540090D /* Pods-ReactorKitSample.debug.xcconfig */;
			buildSettings = {
				ASSETCATALOG_COMPILER_APPICON_NAME = AppIcon;
				CODE_SIGN_STYLE = Automatic;
				DEVELOPMENT_TEAM = 46KGHHF73Q;
				INFOPLIST_FILE = ReactorKitSample/Info.plist;
				IPHONEOS_DEPLOYMENT_TARGET = 10.0;
				LD_RUNPATH_SEARCH_PATHS = (
					"$(inherited)",
					"@executable_path/Frameworks",
				);
				PRODUCT_BUNDLE_IDENTIFIER = tokijh.com.ReactorKitSample;
				PRODUCT_NAME = "$(TARGET_NAME)";
				SWIFT_VERSION = 4.2;
				TARGETED_DEVICE_FAMILY = "1,2";
			};
			name = Debug;
		};
		60259E54215CDE27001D15AA /* Release */ = {
			isa = XCBuildConfiguration;
			baseConfigurationReference = 5109E05EE45A3A30ED425796 /* Pods-ReactorKitSample.release.xcconfig */;
			buildSettings = {
				ASSETCATALOG_COMPILER_APPICON_NAME = AppIcon;
				CODE_SIGN_STYLE = Automatic;
				DEVELOPMENT_TEAM = 46KGHHF73Q;
				INFOPLIST_FILE = ReactorKitSample/Info.plist;
				IPHONEOS_DEPLOYMENT_TARGET = 10.0;
				LD_RUNPATH_SEARCH_PATHS = (
					"$(inherited)",
					"@executable_path/Frameworks",
				);
				PRODUCT_BUNDLE_IDENTIFIER = tokijh.com.ReactorKitSample;
				PRODUCT_NAME = "$(TARGET_NAME)";
				SWIFT_VERSION = 4.2;
				TARGETED_DEVICE_FAMILY = "1,2";
			};
			name = Release;
		};
/* End XCBuildConfiguration section */

/* Begin XCConfigurationList section */
		60259E3B215CDE25001D15AA /* Build configuration list for PBXProject "ReactorKitSample" */ = {
			isa = XCConfigurationList;
			buildConfigurations = (
				60259E50215CDE27001D15AA /* Debug */,
				60259E51215CDE27001D15AA /* Release */,
			);
			defaultConfigurationIsVisible = 0;
			defaultConfigurationName = Release;
		};
		60259E52215CDE27001D15AA /* Build configuration list for PBXNativeTarget "ReactorKitSample" */ = {
			isa = XCConfigurationList;
			buildConfigurations = (
				60259E53215CDE27001D15AA /* Debug */,
				60259E54215CDE27001D15AA /* Release */,
			);
			defaultConfigurationIsVisible = 0;
			defaultConfigurationName = Release;
		};
/* End XCConfigurationList section */
	};
	rootObject = 60259E38215CDE25001D15AA /* Project object */;
}
