// !$*UTF8*$!
{
	archiveVersion = 1;
	classes = {
	};
	objectVersion = 50;
	objects = {

/* Begin PBXBuildFile section */
		60259E44215CDE25001D15AA /* AppDelegate.swift in Sources */ = {isa = PBXBuildFile; fileRef = 60259E43215CDE25001D15AA /* AppDelegate.swift */; };
		60259E46215CDE25001D15AA /* ViewController.swift in Sources */ = {isa = PBXBuildFile; fileRef = 60259E45215CDE25001D15AA /* ViewController.swift */; };
		60259E49215CDE25001D15AA /* Main.storyboard in Resources */ = {isa = PBXBuildFile; fileRef = 60259E47215CDE25001D15AA /* Main.storyboard */; };
		60259E4B215CDE27001D15AA /* Assets.xcassets in Resources */ = {isa = PBXBuildFile; fileRef = 60259E4A215CDE27001D15AA /* Assets.xcassets */; };
		60259E4E215CDE27001D15AA /* LaunchScreen.storyboard in Resources */ = {isa = PBXBuildFile; fileRef = 60259E4C215CDE27001D15AA /* LaunchScreen.storyboard */; };
/* End PBXBuildFile section */

/* Begin PBXFileReference section */
		60259E40215CDE25001D15AA /* ReactorKitSample.app */ = {isa = PBXFileReference; explicitFileType = wrapper.application; includeInIndex = 0; path = ReactorKitSample.app; sourceTree = BUILT_PRODUCTS_DIR; };
		60259E43215CDE25001D15AA /* AppDelegate.swift */ = {isa = PBXFileReference; lastKnownFileType = sourcecode.swift; path = AppDelegate.swift; sourceTree = "<group>"; };
		60259E45215CDE25001D15AA /* ViewController.swift */ = {isa = PBXFileReference; lastKnownFileType = sourcecode.swift; path = ViewController.swift; sourceTree = "<group>"; };
		60259E48215CDE25001D15AA /* Base */ = {isa = PBXFileReference; lastKnownFileType = file.storyboard; name = Base; path = Base.lproj/Main.storyboard; sourceTree = "<group>"; };
		60259E4A215CDE27001D15AA /* Assets.xcassets */ = {isa = PBXFileReference; lastKnownFileType = folder.assetcatalog; path = Assets.xcassets; sourceTree = "<group>"; };
		60259E4D215CDE27001D15AA /* Base */ = {isa = PBXFileReference; lastKnownFileType = file.storyboard; name = Base; path = Base.lproj/LaunchScreen.storyboard; sourceTree = "<group>"; };
		60259E4F215CDE27001D15AA /* Info.plist */ = {isa = PBXFileReference; lastKnownFileType = text.plist.xml; path = Info.plist; sourceTree = "<group>"; };
/* End PBXFileReference section */

/* Begin PBXFrameworksBuildPhase section */
		60259E3D215CDE25001D15AA /* Frameworks */ = {
			isa = PBXFrameworksBuildPhase;
			buildActionMask = 2147483647;
			files = (
			);
			runOnlyForDeploymentPostprocessing = 0;
		};
/* End PBXFrameworksBuildPhase section */

/* Begin PBXGroup section */
		60259E37215CDE25001D15AA = {
			isa = PBXGroup;
			children = (
				60259E42215CDE25001D15AA /* ReactorKitSample */,
				60259E41215CDE25001D15AA /* Products */,
			);
			sourceTree = "<group>";
		};
		60259E41215CDE25001D15AA /* Products */ = {
			isa = PBXGroup;
			children = (
				60259E40215CDE25001D15AA /* ReactorKitSample.app */,
			);
			name = Products;
			sourceTree = "<group>";
		};
		60259E42215CDE25001D15AA /* ReactorKitSample */ = {
			isa = PBXGroup;
			children = (
				60259E43215CDE25001D15AA /* AppDelegate.swift */,
				60259E45215CDE25001D15AA /* ViewController.swift */,
				60259E47215CDE25001D15AA /* Main.storyboard */,
				60259E4A215CDE27001D15AA /* Assets.xcassets */,
				60259E4C215CDE27001D15AA /* LaunchScreen.storyboard */,
				60259E4F215CDE27001D15AA /* Info.plist */,
			);
			path = ReactorKitSample;
			sourceTree = "<group>";
		};
/* End PBXGroup section */

/* Begin PBXNativeTarget section */
		60259E3F215CDE25001D15AA /* ReactorKitSample */ = {
			isa = PBXNativeTarget;
			buildConfigurationList = 60259E52215CDE27001D15AA /* Build configuration list for PBXNativeTarget "ReactorKitSample" */;
			buildPhases = (
				60259E3C215CDE25001D15AA /* Sources */,
				60259E3D215CDE25001D15AA /* Frameworks */,
				60259E3E215CDE25001D15AA /* Resources */,
			);
			buildRules = (
			);
			dependencies = (
			);
			name = ReactorKitSample;
			productName = ReactorKitSample;
			productReference = 60259E40215CDE25001D15AA /* ReactorKitSample.app */;
			productType = "com.apple.product-type.application";
		};
/* End PBXNativeTarget section */

/* Begin PBXProject section */
		60259E38215CDE25001D15AA /* Project object */ = {
			isa = PBXProject;
			attributes = {
				LastSwiftUpdateCheck = 1000;
				LastUpgradeCheck = 1000;
				ORGANIZATIONNAME = tokijh;
				TargetAttributes = {
					60259E3F215CDE25001D15AA = {
						CreatedOnToolsVersion = 10.0;
					};
				};
			};
			buildConfigurationList = 60259E3B215CDE25001D15AA /* Build configuration list for PBXProject "ReactorKitSample" */;
			compatibilityVersion = "Xcode 9.3";
			developmentRegion = en;
			hasScannedForEncodings = 0;
			knownRegions = (
				en,
				Base,
			);
			mainGroup = 60259E37215CDE25001D15AA;
			productRefGroup = 60259E41215CDE25001D15AA /* Products */;
			projectDirPath = "";
			projectRoot = "";
			targets = (
				60259E3F215CDE25001D15AA /* ReactorKitSample */,
			);
		};
/* End PBXProject section */

/* Begin PBXResourcesBuildPhase section */
		60259E3E215CDE25001D15AA /* Resources */ = {
			isa = PBXResourcesBuildPhase;
			buildActionMask = 2147483647;
			files = (
				60259E4E215CDE27001D15AA /* LaunchScreen.storyboard in Resources */,
				60259E4B215CDE27001D15AA /* Assets.xcassets in Resources */,
				60259E49215CDE25001D15AA /* Main.storyboard in Resources */,
			);
			runOnlyForDeploymentPostprocessing = 0;
		};
/* End PBXResourcesBuildPhase section */

/* Begin PBXSourcesBuildPhase section */
		60259E3C215CDE25001D15AA /* Sources */ = {
			isa = PBXSourcesBuildPhase;
			buildActionMask = 2147483647;
			files = (
				60259E46215CDE25001D15AA /* ViewController.swift in Sources */,
				60259E44215CDE25001D15AA /* AppDelegate.swift in Sources */,
			);
			runOnlyForDeploymentPostprocessing = 0;
		};
/* End PBXSourcesBuildPhase section */

/* Begin PBXVariantGroup section */
		60259E47215CDE25001D15AA /* Main.storyboard */ = {
			isa = PBXVariantGroup;
			children = (
				60259E48215CDE25001D15AA /* Base */,
			);
			name = Main.storyboard;
			sourceTree = "<group>";
		};
		60259E4C215CDE27001D15AA /* LaunchScreen.storyboard */ = {
			isa = PBXVariantGroup;
			children = (
				60259E4D215CDE27001D15AA /* Base */,
			);
			name = LaunchScreen.storyboard;
			sourceTree = "<group>";
		};
/* End PBXVariantGroup section */

/* Begin XCBuildConfiguration section */
		60259E50215CDE27001D15AA /* Debug */ = {
			isa = XCBuildConfiguration;
			buildSettings = {
				ALWAYS_SEARCH_USER_PATHS = NO;
				CLANG_ANALYZER_NONNULL = YES;
				CLANG_ANALYZER_NUMBER_OBJECT_CONVERSION = YES_AGGRESSIVE;
				CLANG_CXX_LANGUAGE_STANDARD = "gnu++14";
				CLANG_CXX_LIBRARY = "libc++";
				CLANG_ENABLE_MODULES = YES;
				CLANG_ENABLE_OBJC_ARC = YES;
				CLANG_ENABLE_OBJC_WEAK = YES;
				CLANG_WARN_BLOCK_CAPTURE_AUTORELEASING = YES;
				CLANG_WARN_BOOL_CONVERSION = YES;
				CLANG_WARN_COMMA = YES;
				CLANG_WARN_CONSTANT_CONVERSION = YES;
				CLANG_WARN_DEPRECATED_OBJC_IMPLEMENTATIONS = YES;
				CLANG_WARN_DIRECT_OBJC_ISA_USAGE = YES_ERROR;
				CLANG_WARN_DOCUMENTATION_COMMENTS = YES;
				CLANG_WARN_EMPTY_BODY = YES;
				CLANG_WARN_ENUM_CONVERSION = YES;
				CLANG_WARN_INFINITE_RECURSION = YES;
				CLANG_WARN_INT_CONVERSION = YES;
				CLANG_WARN_NON_LITERAL_NULL_CONVERSION = YES;
				CLANG_WARN_OBJC_IMPLICIT_RETAIN_SELF = YES;
				CLANG_WARN_OBJC_LITERAL_CONVERSION = YES;
				CLANG_WARN_OBJC_ROOT_CLASS = YES_ERROR;
				CLANG_WARN_RANGE_LOOP_ANALYSIS = YES;
				CLANG_WARN_STRICT_PROTOTYPES = YES;
				CLANG_WARN_SUSPICIOUS_MOVE = YES;
				CLANG_WARN_UNGUARDED_AVAILABILITY = YES_AGGRESSIVE;
				CLANG_WARN_UNREACHABLE_CODE = YES;
				CLANG_WARN__DUPLICATE_METHOD_MATCH = YES;
				CODE_SIGN_IDENTITY = "iPhone Developer";
				COPY_PHASE_STRIP = NO;
				DEBUG_INFORMATION_FORMAT = dwarf;
				ENABLE_STRICT_OBJC_MSGSEND = YES;
				ENABLE_TESTABILITY = YES;
				GCC_C_LANGUAGE_STANDARD = gnu11;
				GCC_DYNAMIC_NO_PIC = NO;
				GCC_NO_COMMON_BLOCKS = YES;
				GCC_OPTIMIZATION_LEVEL = 0;
				GCC_PREPROCESSOR_DEFINITIONS = (
					"DEBUG=1",
					"$(inherited)",
				);
				GCC_WARN_64_TO_32_BIT_CONVERSION = YES;
				GCC_WARN_ABOUT_RETURN_TYPE = YES_ERROR;
				GCC_WARN_UNDECLARED_SELECTOR = YES;
				GCC_WARN_UNINITIALIZED_AUTOS = YES_AGGRESSIVE;
				GCC_WARN_UNUSED_FUNCTION = YES;
				GCC_WARN_UNUSED_VARIABLE = YES;
				IPHONEOS_DEPLOYMENT_TARGET = 12.0;
				MTL_ENABLE_DEBUG_INFO = INCLUDE_SOURCE;
				MTL_FAST_MATH = YES;
				ONLY_ACTIVE_ARCH = YES;
				SDKROOT = iphoneos;
				SWIFT_ACTIVE_COMPILATION_CONDITIONS = DEBUG;
				SWIFT_OPTIMIZATION_LEVEL = "-Onone";
			};
			name = Debug;
		};
		60259E51215CDE27001D15AA /* Release */ = {
			isa = XCBuildConfiguration;
			buildSettings = {
				ALWAYS_SEARCH_USER_PATHS = NO;
				CLANG_ANALYZER_NONNULL = YES;
				CLANG_ANALYZER_NUMBER_OBJECT_CONVERSION = YES_AGGRESSIVE;
				CLANG_CXX_LANGUAGE_STANDARD = "gnu++14";
				CLANG_CXX_LIBRARY = "libc++";
				CLANG_ENABLE_MODULES = YES;
				CLANG_ENABLE_OBJC_ARC = YES;
				CLANG_ENABLE_OBJC_WEAK = YES;
				CLANG_WARN_BLOCK_CAPTURE_AUTORELEASING = YES;
				CLANG_WARN_BOOL_CONVERSION = YES;
				CLANG_WARN_COMMA = YES;
				CLANG_WARN_CONSTANT_CONVERSION = YES;
				CLANG_WARN_DEPRECATED_OBJC_IMPLEMENTATIONS = YES;
				CLANG_WARN_DIRECT_OBJC_ISA_USAGE = YES_ERROR;
				CLANG_WARN_DOCUMENTATION_COMMENTS = YES;
				CLANG_WARN_EMPTY_BODY = YES;
				CLANG_WARN_ENUM_CONVERSION = YES;
				CLANG_WARN_INFINITE_RECURSION = YES;
				CLANG_WARN_INT_CONVERSION = YES;
				CLANG_WARN_NON_LITERAL_NULL_CONVERSION = YES;
				CLANG_WARN_OBJC_IMPLICIT_RETAIN_SELF = YES;
				CLANG_WARN_OBJC_LITERAL_CONVERSION = YES;
				CLANG_WARN_OBJC_ROOT_CLASS = YES_ERROR;
				CLANG_WARN_RANGE_LOOP_ANALYSIS = YES;
				CLANG_WARN_STRICT_PROTOTYPES = YES;
				CLANG_WARN_SUSPICIOUS_MOVE = YES;
				CLANG_WARN_UNGUARDED_AVAILABILITY = YES_AGGRESSIVE;
				CLANG_WARN_UNREACHABLE_CODE = YES;
				CLANG_WARN__DUPLICATE_METHOD_MATCH = YES;
				CODE_SIGN_IDENTITY = "iPhone Developer";
				COPY_PHASE_STRIP = NO;
				DEBUG_INFORMATION_FORMAT = "dwarf-with-dsym";
				ENABLE_NS_ASSERTIONS = NO;
				ENABLE_STRICT_OBJC_MSGSEND = YES;
				GCC_C_LANGUAGE_STANDARD = gnu11;
				GCC_NO_COMMON_BLOCKS = YES;
				GCC_WARN_64_TO_32_BIT_CONVERSION = YES;
				GCC_WARN_ABOUT_RETURN_TYPE = YES_ERROR;
				GCC_WARN_UNDECLARED_SELECTOR = YES;
				GCC_WARN_UNINITIALIZED_AUTOS = YES_AGGRESSIVE;
				GCC_WARN_UNUSED_FUNCTION = YES;
				GCC_WARN_UNUSED_VARIABLE = YES;
				IPHONEOS_DEPLOYMENT_TARGET = 12.0;
				MTL_ENABLE_DEBUG_INFO = NO;
				MTL_FAST_MATH = YES;
				SDKROOT = iphoneos;
				SWIFT_COMPILATION_MODE = wholemodule;
				SWIFT_OPTIMIZATION_LEVEL = "-O";
				VALIDATE_PRODUCT = YES;
			};
			name = Release;
		};
		60259E53215CDE27001D15AA /* Debug */ = {
			isa = XCBuildConfiguration;
			buildSettings = {
				ASSETCATALOG_COMPILER_APPICON_NAME = AppIcon;
				CODE_SIGN_STYLE = Automatic;
				DEVELOPMENT_TEAM = 46KGHHF73Q;
				INFOPLIST_FILE = ReactorKitSample/Info.plist;
				LD_RUNPATH_SEARCH_PATHS = (
					"$(inherited)",
					"@executable_path/Frameworks",
				);
				PRODUCT_BUNDLE_IDENTIFIER = tokijh.com.ReactorKitSample;
				PRODUCT_NAME = "$(TARGET_NAME)";
				SWIFT_VERSION = 4.2;
				TARGETED_DEVICE_FAMILY = "1,2";
			};
			name = Debug;
		};
		60259E54215CDE27001D15AA /* Release */ = {
			isa = XCBuildConfiguration;
			buildSettings = {
				ASSETCATALOG_COMPILER_APPICON_NAME = AppIcon;
				CODE_SIGN_STYLE = Automatic;
				DEVELOPMENT_TEAM = 46KGHHF73Q;
				INFOPLIST_FILE = ReactorKitSample/Info.plist;
				LD_RUNPATH_SEARCH_PATHS = (
					"$(inherited)",
					"@executable_path/Frameworks",
				);
				PRODUCT_BUNDLE_IDENTIFIER = tokijh.com.ReactorKitSample;
				PRODUCT_NAME = "$(TARGET_NAME)";
				SWIFT_VERSION = 4.2;
				TARGETED_DEVICE_FAMILY = "1,2";
			};
			name = Release;
		};
/* End XCBuildConfiguration section */

/* Begin XCConfigurationList section */
		60259E3B215CDE25001D15AA /* Build configuration list for PBXProject "ReactorKitSample" */ = {
			isa = XCConfigurationList;
			buildConfigurations = (
				60259E50215CDE27001D15AA /* Debug */,
				60259E51215CDE27001D15AA /* Release */,
			);
			defaultConfigurationIsVisible = 0;
			defaultConfigurationName = Release;
		};
		60259E52215CDE27001D15AA /* Build configuration list for PBXNativeTarget "ReactorKitSample" */ = {
			isa = XCConfigurationList;
			buildConfigurations = (
				60259E53215CDE27001D15AA /* Debug */,
				60259E54215CDE27001D15AA /* Release */,
			);
			defaultConfigurationIsVisible = 0;
			defaultConfigurationName = Release;
		};
/* End XCConfigurationList section */
	};
	rootObject = 60259E38215CDE25001D15AA /* Project object */;
}
